
Microsoft Visual Studio Solution File, Format Version 12.00
# Visual Studio Version 16
VisualStudioVersion = 16.0.30717.126
MinimumVisualStudioVersion = 10.0.40219.1
Project("{9A19103F-16F7-4668-BE54-9A1E7A4F7556}") = "UserManagement", "UserManagement\UserManagement.csproj", "{02F2F4A1-A0B2-4DDB-9F34-356BBE9FD684}"
EndProject
Global
	GlobalSection(SolutionConfigurationPlatforms) = preSolution
		Debug|Any CPU = Debug|Any CPU
		Release|Any CPU = Release|Any CPU
	EndGlobalSection
	GlobalSection(ProjectConfigurationPlatforms) = postSolution
		{02F2F4A1-A0B2-4DDB-9F34-356BBE9FD684}.Debug|Any CPU.ActiveCfg = Debug|Any CPU
		{02F2F4A1-A0B2-4DDB-9F34-356BBE9FD684}.Debug|Any CPU.Build.0 = Debug|Any CPU
		{02F2F4A1-A0B2-4DDB-9F34-356BBE9FD684}.Release|Any CPU.ActiveCfg = Release|Any CPU
		{02F2F4A1-A0B2-4DDB-9F34-356BBE9FD684}.Release|Any CPU.Build.0 = Release|Any CPU
	EndGlobalSection
	GlobalSection(SolutionProperties) = preSolution
		HideSolutionNode = FALSE
	EndGlobalSection
	GlobalSection(ExtensibilityGlobals) = postSolution
		SolutionGuid = {31BAF9A9-8295-43A3-B45D-3511F57DF904}
	EndGlobalSection
EndGlobal
